
Microsoft Visual Studio Solution File, Format Version 12.00
# Visual Studio 14
VisualStudioVersion = 14.0.23107.0
MinimumVisualStudioVersion = 10.0.40219.1
Project("{FAE04EC0-301F-11D3-BF4B-00C04F79EFBC}") = "Bootcamp.API", "Bootcamp.API\Bootcamp.API.csproj", "{DC0F9546-6216-4F34-8DE0-CBE70A43E598}"
EndProject
Project("{FAE04EC0-301F-11D3-BF4B-00C04F79EFBC}") = "Bootcamp.API.BussinesLogic", "Bootcamp.API.BussinesLogic\Bootcamp.API.BussinesLogic.csproj", "{7A51F8E5-0451-4B6D-8D56-A537FE1AD06F}"
EndProject
Project("{FAE04EC0-301F-11D3-BF4B-00C04F79EFBC}") = "Bootcamp.API.Common", "Bootcamp.API.Common\Bootcamp.API.Common.csproj", "{3F7F2C57-4A5D-4C2A-A5D2-D4BA5AD782F9}"
EndProject
Project("{FAE04EC0-301F-11D3-BF4B-00C04F79EFBC}") = "Bootcamp.API.Core", "Bootcamp.API.Core\Bootcamp.API.Core.csproj", "{303F6483-4F8C-4BF7-A630-76C6428EA6A6}"
EndProject
Project("{FAE04EC0-301F-11D3-BF4B-00C04F79EFBC}") = "Bootcamp.API.DataAccess", "Bootcamp.API.DataAccess\Bootcamp.API.DataAccess.csproj", "{B5F9E0CD-436C-40F1-884D-D7B2C2E32CED}"
EndProject
Project("{FAE04EC0-301F-11D3-BF4B-00C04F79EFBC}") = "Bootcamp.API.Client", "Bootcamp.API.Client\Bootcamp.API.Client.csproj", "{5FEC1BB9-85B1-487A-9E15-6E1E5A360C5A}"
EndProject
Global
	GlobalSection(SolutionConfigurationPlatforms) = preSolution
		Debug|Any CPU = Debug|Any CPU
		Release|Any CPU = Release|Any CPU
	EndGlobalSection
	GlobalSection(ProjectConfigurationPlatforms) = postSolution
		{DC0F9546-6216-4F34-8DE0-CBE70A43E598}.Debug|Any CPU.ActiveCfg = Debug|Any CPU
		{DC0F9546-6216-4F34-8DE0-CBE70A43E598}.Debug|Any CPU.Build.0 = Debug|Any CPU
		{DC0F9546-6216-4F34-8DE0-CBE70A43E598}.Release|Any CPU.ActiveCfg = Release|Any CPU
		{DC0F9546-6216-4F34-8DE0-CBE70A43E598}.Release|Any CPU.Build.0 = Release|Any CPU
		{7A51F8E5-0451-4B6D-8D56-A537FE1AD06F}.Debug|Any CPU.ActiveCfg = Debug|Any CPU
		{7A51F8E5-0451-4B6D-8D56-A537FE1AD06F}.Debug|Any CPU.Build.0 = Debug|Any CPU
		{7A51F8E5-0451-4B6D-8D56-A537FE1AD06F}.Release|Any CPU.ActiveCfg = Release|Any CPU
		{7A51F8E5-0451-4B6D-8D56-A537FE1AD06F}.Release|Any CPU.Build.0 = Release|Any CPU
		{3F7F2C57-4A5D-4C2A-A5D2-D4BA5AD782F9}.Debug|Any CPU.ActiveCfg = Debug|Any CPU
		{3F7F2C57-4A5D-4C2A-A5D2-D4BA5AD782F9}.Debug|Any CPU.Build.0 = Debug|Any CPU
		{3F7F2C57-4A5D-4C2A-A5D2-D4BA5AD782F9}.Release|Any CPU.ActiveCfg = Release|Any CPU
		{3F7F2C57-4A5D-4C2A-A5D2-D4BA5AD782F9}.Release|Any CPU.Build.0 = Release|Any CPU
		{303F6483-4F8C-4BF7-A630-76C6428EA6A6}.Debug|Any CPU.ActiveCfg = Debug|Any CPU
		{303F6483-4F8C-4BF7-A630-76C6428EA6A6}.Debug|Any CPU.Build.0 = Debug|Any CPU
		{303F6483-4F8C-4BF7-A630-76C6428EA6A6}.Release|Any CPU.ActiveCfg = Release|Any CPU
		{303F6483-4F8C-4BF7-A630-76C6428EA6A6}.Release|Any CPU.Build.0 = Release|Any CPU
		{B5F9E0CD-436C-40F1-884D-D7B2C2E32CED}.Debug|Any CPU.ActiveCfg = Debug|Any CPU
		{B5F9E0CD-436C-40F1-884D-D7B2C2E32CED}.Debug|Any CPU.Build.0 = Debug|Any CPU
		{B5F9E0CD-436C-40F1-884D-D7B2C2E32CED}.Release|Any CPU.ActiveCfg = Release|Any CPU
		{B5F9E0CD-436C-40F1-884D-D7B2C2E32CED}.Release|Any CPU.Build.0 = Release|Any CPU
		{5FEC1BB9-85B1-487A-9E15-6E1E5A360C5A}.Debug|Any CPU.ActiveCfg = Debug|Any CPU
		{5FEC1BB9-85B1-487A-9E15-6E1E5A360C5A}.Debug|Any CPU.Build.0 = Debug|Any CPU
		{5FEC1BB9-85B1-487A-9E15-6E1E5A360C5A}.Release|Any CPU.ActiveCfg = Release|Any CPU
		{5FEC1BB9-85B1-487A-9E15-6E1E5A360C5A}.Release|Any CPU.Build.0 = Release|Any CPU
	EndGlobalSection
	GlobalSection(SolutionProperties) = preSolution
		HideSolutionNode = FALSE
	EndGlobalSection
EndGlobal
